
Microsoft Visual Studio Solution File, Format Version 12.00
# Visual Studio 15
VisualStudioVersion = 15.0.27130.2010
MinimumVisualStudioVersion = 10.0.40219.1
Project("{FAE04EC0-301F-11D3-BF4B-00C04F79EFBC}") = "DoAnFramwork", "DoAnFramwork\DoAnFramwork.csproj", "{77A4EC6D-0B97-4895-8558-641D453CE883}"
EndProject
Project("{FAE04EC0-301F-11D3-BF4B-00C04F79EFBC}") = "FrameWorkDll", "FrameWorkDll\FrameWorkDll.csproj", "{FCC88B6B-167F-402B-8A26-34F71666EFEB}"
EndProject
Project("{FAE04EC0-301F-11D3-BF4B-00C04F79EFBC}") = "Demo", "Demo\Demo.csproj", "{CDA3ECA6-222A-4229-9A7E-7592FD75DD0E}"
EndProject
Global
	GlobalSection(SolutionConfigurationPlatforms) = preSolution
		Debug|Any CPU = Debug|Any CPU
		Release|Any CPU = Release|Any CPU
	EndGlobalSection
	GlobalSection(ProjectConfigurationPlatforms) = postSolution
		{77A4EC6D-0B97-4895-8558-641D453CE883}.Debug|Any CPU.ActiveCfg = Debug|Any CPU
		{77A4EC6D-0B97-4895-8558-641D453CE883}.Debug|Any CPU.Build.0 = Debug|Any CPU
		{77A4EC6D-0B97-4895-8558-641D453CE883}.Release|Any CPU.ActiveCfg = Release|Any CPU
		{77A4EC6D-0B97-4895-8558-641D453CE883}.Release|Any CPU.Build.0 = Release|Any CPU
		{FCC88B6B-167F-402B-8A26-34F71666EFEB}.Debug|Any CPU.ActiveCfg = Debug|Any CPU
		{FCC88B6B-167F-402B-8A26-34F71666EFEB}.Debug|Any CPU.Build.0 = Debug|Any CPU
		{FCC88B6B-167F-402B-8A26-34F71666EFEB}.Release|Any CPU.ActiveCfg = Release|Any CPU
		{FCC88B6B-167F-402B-8A26-34F71666EFEB}.Release|Any CPU.Build.0 = Release|Any CPU
		{CDA3ECA6-222A-4229-9A7E-7592FD75DD0E}.Debug|Any CPU.ActiveCfg = Debug|Any CPU
		{CDA3ECA6-222A-4229-9A7E-7592FD75DD0E}.Debug|Any CPU.Build.0 = Debug|Any CPU
		{CDA3ECA6-222A-4229-9A7E-7592FD75DD0E}.Release|Any CPU.ActiveCfg = Release|Any CPU
		{CDA3ECA6-222A-4229-9A7E-7592FD75DD0E}.Release|Any CPU.Build.0 = Release|Any CPU
	EndGlobalSection
	GlobalSection(SolutionProperties) = preSolution
		HideSolutionNode = FALSE
	EndGlobalSection
	GlobalSection(ExtensibilityGlobals) = postSolution
		SolutionGuid = {B5E22780-3EB7-461A-9EB9-9A6BF6250BD8}
	EndGlobalSection
EndGlobal
